{
  "name": "telegram-vps-rdp-store-vpsnew56-bootstrap",
  "version": "1.0.0",
  "lockfileVersion": 3,
  "requires": true,
  "packages": {
    "": {
      "name": "telegram-vps-rdp-store-vpsnew56-bootstrap",
      "version": "1.0.0",
      "hasInstallScript": true,
      "engines": {
        "node": ">=20.5.0 <23",
        "npm": ">=9 <12"
      }
    }
  }
}
